
Microsoft Visual Studio Solution File, Format Version 12.00
# Visual Studio 15
VisualStudioVersion = 15.0.27703.2035
MinimumVisualStudioVersion = 10.0.40219.1
Project("{9A19103F-16F7-4668-BE54-9A1E7A4F7556}") = "CommonComponents_NETCore", "CommonComponents_NETCore\CommonComponents_NETCore.csproj", "{82EEBE7C-02E4-4E8C-8E13-A452A3050620}"
EndProject
Project("{9A19103F-16F7-4668-BE54-9A1E7A4F7556}") = "Elastic_NETCore", "Elastic_NETCore\Elastic_NETCore.csproj", "{05FBD179-A0B6-4D0B-AF3C-69678B272593}"
EndProject
Project("{9A19103F-16F7-4668-BE54-9A1E7A4F7556}") = "ImageMagick_NETCore", "ImageMagick_NETCore\ImageMagick_NETCore.csproj", "{F94D8E97-2CA3-4EDB-814C-CAF9CD6E9C3B}"
EndProject
Project("{9A19103F-16F7-4668-BE54-9A1E7A4F7556}") = "LibreOffice_NETCore", "LibreOffice_NETCore\LibreOffice_NETCore.csproj", "{54B79724-6319-4E98-87F4-90A6A2705E03}"
EndProject
Project("{9A19103F-16F7-4668-BE54-9A1E7A4F7556}") = "Tesseract_NETCore", "Tesseract_NETCore\Tesseract_NETCore.csproj", "{EAC60FDB-B8B0-48CA-A8B2-B449FE9A9C99}"
EndProject
Project("{9A19103F-16F7-4668-BE54-9A1E7A4F7556}") = "TestHarness_NETCore", "TestHarness_NETCore\TestHarness_NETCore.csproj", "{17954E29-B67B-4670-A726-C9536F111A37}"
EndProject
Project("{9A19103F-16F7-4668-BE54-9A1E7A4F7556}") = "TikeRest_NETCore", "TikeRest_NETCore\TikeRest_NETCore.csproj", "{41583723-C736-432D-B441-98715213D44D}"
EndProject
Project("{FAE04EC0-301F-11D3-BF4B-00C04F79EFBC}") = "ExchangeCrawler_NETCore", "ExchangeCrawler_NETCore\ExchangeCrawler_NETCore.csproj", "{37BA9F28-3CE2-44B8-94C1-4A68D4755233}"
EndProject
Global
	GlobalSection(SolutionConfigurationPlatforms) = preSolution
		Debug|Any CPU = Debug|Any CPU
		Release|Any CPU = Release|Any CPU
	EndGlobalSection
	GlobalSection(ProjectConfigurationPlatforms) = postSolution
		{82EEBE7C-02E4-4E8C-8E13-A452A3050620}.Debug|Any CPU.ActiveCfg = Debug|Any CPU
		{82EEBE7C-02E4-4E8C-8E13-A452A3050620}.Debug|Any CPU.Build.0 = Debug|Any CPU
		{82EEBE7C-02E4-4E8C-8E13-A452A3050620}.Release|Any CPU.ActiveCfg = Release|Any CPU
		{82EEBE7C-02E4-4E8C-8E13-A452A3050620}.Release|Any CPU.Build.0 = Release|Any CPU
		{05FBD179-A0B6-4D0B-AF3C-69678B272593}.Debug|Any CPU.ActiveCfg = Debug|Any CPU
		{05FBD179-A0B6-4D0B-AF3C-69678B272593}.Debug|Any CPU.Build.0 = Debug|Any CPU
		{05FBD179-A0B6-4D0B-AF3C-69678B272593}.Release|Any CPU.ActiveCfg = Release|Any CPU
		{05FBD179-A0B6-4D0B-AF3C-69678B272593}.Release|Any CPU.Build.0 = Release|Any CPU
		{F94D8E97-2CA3-4EDB-814C-CAF9CD6E9C3B}.Debug|Any CPU.ActiveCfg = Debug|Any CPU
		{F94D8E97-2CA3-4EDB-814C-CAF9CD6E9C3B}.Debug|Any CPU.Build.0 = Debug|Any CPU
		{F94D8E97-2CA3-4EDB-814C-CAF9CD6E9C3B}.Release|Any CPU.ActiveCfg = Release|Any CPU
		{F94D8E97-2CA3-4EDB-814C-CAF9CD6E9C3B}.Release|Any CPU.Build.0 = Release|Any CPU
		{54B79724-6319-4E98-87F4-90A6A2705E03}.Debug|Any CPU.ActiveCfg = Debug|Any CPU
		{54B79724-6319-4E98-87F4-90A6A2705E03}.Debug|Any CPU.Build.0 = Debug|Any CPU
		{54B79724-6319-4E98-87F4-90A6A2705E03}.Release|Any CPU.ActiveCfg = Release|Any CPU
		{54B79724-6319-4E98-87F4-90A6A2705E03}.Release|Any CPU.Build.0 = Release|Any CPU
		{EAC60FDB-B8B0-48CA-A8B2-B449FE9A9C99}.Debug|Any CPU.ActiveCfg = Debug|Any CPU
		{EAC60FDB-B8B0-48CA-A8B2-B449FE9A9C99}.Debug|Any CPU.Build.0 = Debug|Any CPU
		{EAC60FDB-B8B0-48CA-A8B2-B449FE9A9C99}.Release|Any CPU.ActiveCfg = Release|Any CPU
		{EAC60FDB-B8B0-48CA-A8B2-B449FE9A9C99}.Release|Any CPU.Build.0 = Release|Any CPU
		{17954E29-B67B-4670-A726-C9536F111A37}.Debug|Any CPU.ActiveCfg = Debug|Any CPU
		{17954E29-B67B-4670-A726-C9536F111A37}.Debug|Any CPU.Build.0 = Debug|Any CPU
		{17954E29-B67B-4670-A726-C9536F111A37}.Release|Any CPU.ActiveCfg = Release|Any CPU
		{17954E29-B67B-4670-A726-C9536F111A37}.Release|Any CPU.Build.0 = Release|Any CPU
		{41583723-C736-432D-B441-98715213D44D}.Debug|Any CPU.ActiveCfg = Debug|Any CPU
		{41583723-C736-432D-B441-98715213D44D}.Debug|Any CPU.Build.0 = Debug|Any CPU
		{41583723-C736-432D-B441-98715213D44D}.Release|Any CPU.ActiveCfg = Release|Any CPU
		{41583723-C736-432D-B441-98715213D44D}.Release|Any CPU.Build.0 = Release|Any CPU
		{37BA9F28-3CE2-44B8-94C1-4A68D4755233}.Debug|Any CPU.ActiveCfg = Debug|Any CPU
		{37BA9F28-3CE2-44B8-94C1-4A68D4755233}.Debug|Any CPU.Build.0 = Debug|Any CPU
		{37BA9F28-3CE2-44B8-94C1-4A68D4755233}.Release|Any CPU.ActiveCfg = Release|Any CPU
		{37BA9F28-3CE2-44B8-94C1-4A68D4755233}.Release|Any CPU.Build.0 = Release|Any CPU
	EndGlobalSection
	GlobalSection(SolutionProperties) = preSolution
		HideSolutionNode = FALSE
	EndGlobalSection
	GlobalSection(ExtensibilityGlobals) = postSolution
		SolutionGuid = {38F33390-E394-44A3-AA38-9B716BFC77A9}
	EndGlobalSection
EndGlobal
